
Microsoft Visual Studio Solution File, Format Version 12.00
# Visual Studio Version 17
VisualStudioVersion = 17.0.31717.71
MinimumVisualStudioVersion = 10.0.40219.1
Project("{9A19103F-16F7-4668-BE54-9A1E7A4F7556}") = "API", "API\API.csproj", "{CC616877-2C48-4466-8285-72778A573E03}"
EndProject
Project("{FAE04EC0-301F-11D3-BF4B-00C04F79EFBC}") = "Jobs", "Jobs\Jobs.csproj", "{E31522D9-B360-447C-83B5-7B792FA5B880}"
EndProject
Global
	GlobalSection(SolutionConfigurationPlatforms) = preSolution
		Debug|Any CPU = Debug|Any CPU
		Release|Any CPU = Release|Any CPU
	EndGlobalSection
	GlobalSection(ProjectConfigurationPlatforms) = postSolution
		{CC616877-2C48-4466-8285-72778A573E03}.Debug|Any CPU.ActiveCfg = Debug|Any CPU
		{CC616877-2C48-4466-8285-72778A573E03}.Debug|Any CPU.Build.0 = Debug|Any CPU
		{CC616877-2C48-4466-8285-72778A573E03}.Release|Any CPU.ActiveCfg = Release|Any CPU
		{CC616877-2C48-4466-8285-72778A573E03}.Release|Any CPU.Build.0 = Release|Any CPU
		{E31522D9-B360-447C-83B5-7B792FA5B880}.Debug|Any CPU.ActiveCfg = Debug|Any CPU
		{E31522D9-B360-447C-83B5-7B792FA5B880}.Debug|Any CPU.Build.0 = Debug|Any CPU
		{E31522D9-B360-447C-83B5-7B792FA5B880}.Release|Any CPU.ActiveCfg = Release|Any CPU
		{E31522D9-B360-447C-83B5-7B792FA5B880}.Release|Any CPU.Build.0 = Release|Any CPU
	EndGlobalSection
	GlobalSection(SolutionProperties) = preSolution
		HideSolutionNode = FALSE
	EndGlobalSection
	GlobalSection(ExtensibilityGlobals) = postSolution
		SolutionGuid = {D054C890-5AAB-42EA-8DAA-0E43EEE04050}
	EndGlobalSection
EndGlobal
